
Microsoft Visual Studio Solution File, Format Version 12.00
# Visual Studio Version 16
VisualStudioVersion = 16.0.31911.196
MinimumVisualStudioVersion = 10.0.40219.1
Project("{FAE04EC0-301F-11D3-BF4B-00C04F79EFBC}") = "Exercice1_1_1", "..\Exercice1_1_1\Exercice1_1_1.csproj", "{51BDA6EB-BA74-48B5-BA54-D45C34292475}"
EndProject
Project("{FAE04EC0-301F-11D3-BF4B-00C04F79EFBC}") = "Exercice1_1_2", "..\Exercice1_1_2\Exercice1_1_2.csproj", "{5FA3D7E5-3F02-42AB-8D5A-659D5188E1C0}"
EndProject
Global
	GlobalSection(SolutionConfigurationPlatforms) = preSolution
		Debug|Any CPU = Debug|Any CPU
		Release|Any CPU = Release|Any CPU
	EndGlobalSection
	GlobalSection(ProjectConfigurationPlatforms) = postSolution
		{51BDA6EB-BA74-48B5-BA54-D45C34292475}.Debug|Any CPU.ActiveCfg = Debug|Any CPU
		{51BDA6EB-BA74-48B5-BA54-D45C34292475}.Debug|Any CPU.Build.0 = Debug|Any CPU
		{51BDA6EB-BA74-48B5-BA54-D45C34292475}.Release|Any CPU.ActiveCfg = Release|Any CPU
		{51BDA6EB-BA74-48B5-BA54-D45C34292475}.Release|Any CPU.Build.0 = Release|Any CPU
		{5FA3D7E5-3F02-42AB-8D5A-659D5188E1C0}.Debug|Any CPU.ActiveCfg = Debug|Any CPU
		{5FA3D7E5-3F02-42AB-8D5A-659D5188E1C0}.Debug|Any CPU.Build.0 = Debug|Any CPU
		{5FA3D7E5-3F02-42AB-8D5A-659D5188E1C0}.Release|Any CPU.ActiveCfg = Release|Any CPU
		{5FA3D7E5-3F02-42AB-8D5A-659D5188E1C0}.Release|Any CPU.Build.0 = Release|Any CPU
	EndGlobalSection
	GlobalSection(SolutionProperties) = preSolution
		HideSolutionNode = FALSE
	EndGlobalSection
	GlobalSection(ExtensibilityGlobals) = postSolution
		SolutionGuid = {BEB6F9E6-B008-4CE6-9FE7-B932B27E420D}
	EndGlobalSection
EndGlobal
