
Microsoft Visual Studio Solution File, Format Version 12.00
# Visual Studio Version 16
VisualStudioVersion = 16.0.31911.196
MinimumVisualStudioVersion = 10.0.40219.1
Project("{FAE04EC0-301F-11D3-BF4B-00C04F79EFBC}") = "Sac", "Sac\Sac.csproj", "{CCF011F9-622B-477C-B89F-11741BF8CD80}"
EndProject
Global
	GlobalSection(SolutionConfigurationPlatforms) = preSolution
		Debug|Any CPU = Debug|Any CPU
		Release|Any CPU = Release|Any CPU
	EndGlobalSection
	GlobalSection(ProjectConfigurationPlatforms) = postSolution
		{CCF011F9-622B-477C-B89F-11741BF8CD80}.Debug|Any CPU.ActiveCfg = Debug|Any CPU
		{CCF011F9-622B-477C-B89F-11741BF8CD80}.Debug|Any CPU.Build.0 = Debug|Any CPU
		{CCF011F9-622B-477C-B89F-11741BF8CD80}.Release|Any CPU.ActiveCfg = Release|Any CPU
		{CCF011F9-622B-477C-B89F-11741BF8CD80}.Release|Any CPU.Build.0 = Release|Any CPU
	EndGlobalSection
	GlobalSection(SolutionProperties) = preSolution
		HideSolutionNode = FALSE
	EndGlobalSection
	GlobalSection(ExtensibilityGlobals) = postSolution
		SolutionGuid = {CB7E7DF4-A48E-4EF5-ACD2-177FAED1D7F2}
	EndGlobalSection
EndGlobal
