
Microsoft Visual Studio Solution File, Format Version 12.00
# Visual Studio Version 16
VisualStudioVersion = 16.0.31911.196
MinimumVisualStudioVersion = 10.0.40219.1
Project("{FAE04EC0-301F-11D3-BF4B-00C04F79EFBC}") = "Exercice 1.1.3", "Exercice 1.1.3.csproj", "{2B5143CA-DC2C-4EA9-AFE7-1DE5887B6961}"
EndProject
Project("{FAE04EC0-301F-11D3-BF4B-00C04F79EFBC}") = "Exercice_1_5", "..\Exercice_1_5\Exercice_1_5.csproj", "{DF387F6B-B66D-4554-AF34-F5716CF941A8}"
EndProject
Global
	GlobalSection(SolutionConfigurationPlatforms) = preSolution
		Debug|Any CPU = Debug|Any CPU
		Release|Any CPU = Release|Any CPU
	EndGlobalSection
	GlobalSection(ProjectConfigurationPlatforms) = postSolution
		{2B5143CA-DC2C-4EA9-AFE7-1DE5887B6961}.Debug|Any CPU.ActiveCfg = Debug|Any CPU
		{2B5143CA-DC2C-4EA9-AFE7-1DE5887B6961}.Debug|Any CPU.Build.0 = Debug|Any CPU
		{2B5143CA-DC2C-4EA9-AFE7-1DE5887B6961}.Release|Any CPU.ActiveCfg = Release|Any CPU
		{2B5143CA-DC2C-4EA9-AFE7-1DE5887B6961}.Release|Any CPU.Build.0 = Release|Any CPU
		{DF387F6B-B66D-4554-AF34-F5716CF941A8}.Debug|Any CPU.ActiveCfg = Debug|Any CPU
		{DF387F6B-B66D-4554-AF34-F5716CF941A8}.Debug|Any CPU.Build.0 = Debug|Any CPU
		{DF387F6B-B66D-4554-AF34-F5716CF941A8}.Release|Any CPU.ActiveCfg = Release|Any CPU
		{DF387F6B-B66D-4554-AF34-F5716CF941A8}.Release|Any CPU.Build.0 = Release|Any CPU
	EndGlobalSection
	GlobalSection(SolutionProperties) = preSolution
		HideSolutionNode = FALSE
	EndGlobalSection
	GlobalSection(ExtensibilityGlobals) = postSolution
		SolutionGuid = {A2CB423A-BE09-4180-8BDD-9101F9CD0E24}
	EndGlobalSection
EndGlobal
