
Microsoft Visual Studio Solution File, Format Version 12.00
# Visual Studio Version 16
VisualStudioVersion = 16.0.31911.196
MinimumVisualStudioVersion = 10.0.40219.1
Project("{9A19103F-16F7-4668-BE54-9A1E7A4F7556}") = "Exercice_1_9", "Exercice_1_9.csproj", "{7BCF50C9-86F4-49C0-9F68-DE3D76E667F5}"
EndProject
Global
	GlobalSection(SolutionConfigurationPlatforms) = preSolution
		Debug|Any CPU = Debug|Any CPU
		Release|Any CPU = Release|Any CPU
	EndGlobalSection
	GlobalSection(ProjectConfigurationPlatforms) = postSolution
		{7BCF50C9-86F4-49C0-9F68-DE3D76E667F5}.Debug|Any CPU.ActiveCfg = Debug|Any CPU
		{7BCF50C9-86F4-49C0-9F68-DE3D76E667F5}.Debug|Any CPU.Build.0 = Debug|Any CPU
		{7BCF50C9-86F4-49C0-9F68-DE3D76E667F5}.Release|Any CPU.ActiveCfg = Release|Any CPU
		{7BCF50C9-86F4-49C0-9F68-DE3D76E667F5}.Release|Any CPU.Build.0 = Release|Any CPU
	EndGlobalSection
	GlobalSection(SolutionProperties) = preSolution
		HideSolutionNode = FALSE
	EndGlobalSection
	GlobalSection(ExtensibilityGlobals) = postSolution
		SolutionGuid = {8FE208C3-EE9E-4D3A-86A6-C82C41569D27}
	EndGlobalSection
EndGlobal
