
Microsoft Visual Studio Solution File, Format Version 12.00
# Visual Studio Version 16
VisualStudioVersion = 16.0.31911.196
MinimumVisualStudioVersion = 10.0.40219.1
Project("{9A19103F-16F7-4668-BE54-9A1E7A4F7556}") = "Exercice_1_3", "..\Exercice 1.3\Exercice_1_3.csproj", "{C837E5F6-0BFF-42C5-B285-63400BCA0AFC}"
EndProject
Project("{FAE04EC0-301F-11D3-BF4B-00C04F79EFBC}") = "Exercice 1.4", "Exercice 1.4\Exercice 1.4.csproj", "{E02EFB12-4623-4CC3-948F-B93ACD47B1FB}"
EndProject
Project("{FAE04EC0-301F-11D3-BF4B-00C04F79EFBC}") = "Exercice 1.5", "Exercice 1.5\Exercice 1.5.csproj", "{7D08D929-216D-49FE-B1C8-AC3E143E181F}"
EndProject
Project("{FAE04EC0-301F-11D3-BF4B-00C04F79EFBC}") = "Exercice 1.6", "Exercice 1.6\Exercice 1.6.csproj", "{F5034E3B-0C63-4733-BC6F-DF50B6240AEB}"
EndProject
Project("{FAE04EC0-301F-11D3-BF4B-00C04F79EFBC}") = "Exercice 1.7", "Exercice 1.7\Exercice 1.7.csproj", "{1A809661-7BE6-4A02-868E-FF19257F7B2F}"
EndProject
Global
	GlobalSection(SolutionConfigurationPlatforms) = preSolution
		Debug|Any CPU = Debug|Any CPU
		Release|Any CPU = Release|Any CPU
	EndGlobalSection
	GlobalSection(ProjectConfigurationPlatforms) = postSolution
		{C837E5F6-0BFF-42C5-B285-63400BCA0AFC}.Debug|Any CPU.ActiveCfg = Debug|Any CPU
		{C837E5F6-0BFF-42C5-B285-63400BCA0AFC}.Debug|Any CPU.Build.0 = Debug|Any CPU
		{C837E5F6-0BFF-42C5-B285-63400BCA0AFC}.Release|Any CPU.ActiveCfg = Release|Any CPU
		{C837E5F6-0BFF-42C5-B285-63400BCA0AFC}.Release|Any CPU.Build.0 = Release|Any CPU
		{E02EFB12-4623-4CC3-948F-B93ACD47B1FB}.Debug|Any CPU.ActiveCfg = Debug|Any CPU
		{E02EFB12-4623-4CC3-948F-B93ACD47B1FB}.Debug|Any CPU.Build.0 = Debug|Any CPU
		{E02EFB12-4623-4CC3-948F-B93ACD47B1FB}.Release|Any CPU.ActiveCfg = Release|Any CPU
		{E02EFB12-4623-4CC3-948F-B93ACD47B1FB}.Release|Any CPU.Build.0 = Release|Any CPU
		{7D08D929-216D-49FE-B1C8-AC3E143E181F}.Debug|Any CPU.ActiveCfg = Debug|Any CPU
		{7D08D929-216D-49FE-B1C8-AC3E143E181F}.Debug|Any CPU.Build.0 = Debug|Any CPU
		{7D08D929-216D-49FE-B1C8-AC3E143E181F}.Release|Any CPU.ActiveCfg = Release|Any CPU
		{7D08D929-216D-49FE-B1C8-AC3E143E181F}.Release|Any CPU.Build.0 = Release|Any CPU
		{F5034E3B-0C63-4733-BC6F-DF50B6240AEB}.Debug|Any CPU.ActiveCfg = Debug|Any CPU
		{F5034E3B-0C63-4733-BC6F-DF50B6240AEB}.Debug|Any CPU.Build.0 = Debug|Any CPU
		{F5034E3B-0C63-4733-BC6F-DF50B6240AEB}.Release|Any CPU.ActiveCfg = Release|Any CPU
		{F5034E3B-0C63-4733-BC6F-DF50B6240AEB}.Release|Any CPU.Build.0 = Release|Any CPU
		{1A809661-7BE6-4A02-868E-FF19257F7B2F}.Debug|Any CPU.ActiveCfg = Debug|Any CPU
		{1A809661-7BE6-4A02-868E-FF19257F7B2F}.Debug|Any CPU.Build.0 = Debug|Any CPU
		{1A809661-7BE6-4A02-868E-FF19257F7B2F}.Release|Any CPU.ActiveCfg = Release|Any CPU
		{1A809661-7BE6-4A02-868E-FF19257F7B2F}.Release|Any CPU.Build.0 = Release|Any CPU
	EndGlobalSection
	GlobalSection(SolutionProperties) = preSolution
		HideSolutionNode = FALSE
	EndGlobalSection
	GlobalSection(ExtensibilityGlobals) = postSolution
		SolutionGuid = {82DE77C9-968A-4D04-B3FC-D927F415DE93}
	EndGlobalSection
EndGlobal
