
Microsoft Visual Studio Solution File, Format Version 12.00
# Visual Studio Version 16
VisualStudioVersion = 16.0.31911.196
MinimumVisualStudioVersion = 10.0.40219.1
Project("{FAE04EC0-301F-11D3-BF4B-00C04F79EFBC}") = "PersonneAssise", "PersonneAssise\PersonneAssise.csproj", "{C4854E1D-9B7F-45E0-B3FA-CBDFB587D380}"
EndProject
Global
	GlobalSection(SolutionConfigurationPlatforms) = preSolution
		Debug|Any CPU = Debug|Any CPU
		Release|Any CPU = Release|Any CPU
	EndGlobalSection
	GlobalSection(ProjectConfigurationPlatforms) = postSolution
		{C4854E1D-9B7F-45E0-B3FA-CBDFB587D380}.Debug|Any CPU.ActiveCfg = Debug|Any CPU
		{C4854E1D-9B7F-45E0-B3FA-CBDFB587D380}.Debug|Any CPU.Build.0 = Debug|Any CPU
		{C4854E1D-9B7F-45E0-B3FA-CBDFB587D380}.Release|Any CPU.ActiveCfg = Release|Any CPU
		{C4854E1D-9B7F-45E0-B3FA-CBDFB587D380}.Release|Any CPU.Build.0 = Release|Any CPU
	EndGlobalSection
	GlobalSection(SolutionProperties) = preSolution
		HideSolutionNode = FALSE
	EndGlobalSection
	GlobalSection(ExtensibilityGlobals) = postSolution
		SolutionGuid = {42A65FB6-E208-4485-8BFB-66AE0904F034}
	EndGlobalSection
EndGlobal
