
Microsoft Visual Studio Solution File, Format Version 12.00
# Visual Studio Version 16
VisualStudioVersion = 16.0.31911.196
MinimumVisualStudioVersion = 10.0.40219.1
Project("{9A19103F-16F7-4668-BE54-9A1E7A4F7556}") = "Exercice_1_5", "Exercice_1_5.csproj", "{723C5AE9-9090-4731-844E-69FA6EE4A99E}"
EndProject
Project("{9A19103F-16F7-4668-BE54-9A1E7A4F7556}") = "Exercice_1_6", "..\Exercice_1_6\Exercice_1_6.csproj", "{8F4BE0A1-5172-4230-A4F9-483683D81B35}"
EndProject
Project("{9A19103F-16F7-4668-BE54-9A1E7A4F7556}") = "Exercice_1_7", "..\Exercice_1_7\Exercice_1_7.csproj", "{B3951411-969A-4BFC-92CB-2DC0097CA55A}"
EndProject
Project("{9A19103F-16F7-4668-BE54-9A1E7A4F7556}") = "Exercice 1_8", "..\Exercice 1_8\Exercice 1_8.csproj", "{1CB81287-783D-4EDF-BEF0-EF5FF6FCC5D2}"
EndProject
Project("{9A19103F-16F7-4668-BE54-9A1E7A4F7556}") = "Exercice 1_9", "..\Exercice 1_9\Exercice 1_9.csproj", "{F2BCCA3E-E412-434C-B516-476649EB39F0}"
EndProject
Project("{FAE04EC0-301F-11D3-BF4B-00C04F79EFBC}") = "Exercice_1_8", "..\Exercice_1_8\Exercice_1_8.csproj", "{75A120FF-FB29-4166-B6C5-64D2462A4077}"
EndProject
Global
	GlobalSection(SolutionConfigurationPlatforms) = preSolution
		Debug|Any CPU = Debug|Any CPU
		Release|Any CPU = Release|Any CPU
	EndGlobalSection
	GlobalSection(ProjectConfigurationPlatforms) = postSolution
		{723C5AE9-9090-4731-844E-69FA6EE4A99E}.Debug|Any CPU.ActiveCfg = Debug|Any CPU
		{723C5AE9-9090-4731-844E-69FA6EE4A99E}.Debug|Any CPU.Build.0 = Debug|Any CPU
		{723C5AE9-9090-4731-844E-69FA6EE4A99E}.Release|Any CPU.ActiveCfg = Release|Any CPU
		{723C5AE9-9090-4731-844E-69FA6EE4A99E}.Release|Any CPU.Build.0 = Release|Any CPU
		{8F4BE0A1-5172-4230-A4F9-483683D81B35}.Debug|Any CPU.ActiveCfg = Debug|Any CPU
		{8F4BE0A1-5172-4230-A4F9-483683D81B35}.Debug|Any CPU.Build.0 = Debug|Any CPU
		{8F4BE0A1-5172-4230-A4F9-483683D81B35}.Release|Any CPU.ActiveCfg = Release|Any CPU
		{8F4BE0A1-5172-4230-A4F9-483683D81B35}.Release|Any CPU.Build.0 = Release|Any CPU
		{B3951411-969A-4BFC-92CB-2DC0097CA55A}.Debug|Any CPU.ActiveCfg = Debug|Any CPU
		{B3951411-969A-4BFC-92CB-2DC0097CA55A}.Debug|Any CPU.Build.0 = Debug|Any CPU
		{B3951411-969A-4BFC-92CB-2DC0097CA55A}.Release|Any CPU.ActiveCfg = Release|Any CPU
		{B3951411-969A-4BFC-92CB-2DC0097CA55A}.Release|Any CPU.Build.0 = Release|Any CPU
		{1CB81287-783D-4EDF-BEF0-EF5FF6FCC5D2}.Debug|Any CPU.ActiveCfg = Debug|Any CPU
		{1CB81287-783D-4EDF-BEF0-EF5FF6FCC5D2}.Debug|Any CPU.Build.0 = Debug|Any CPU
		{1CB81287-783D-4EDF-BEF0-EF5FF6FCC5D2}.Release|Any CPU.ActiveCfg = Release|Any CPU
		{1CB81287-783D-4EDF-BEF0-EF5FF6FCC5D2}.Release|Any CPU.Build.0 = Release|Any CPU
		{F2BCCA3E-E412-434C-B516-476649EB39F0}.Debug|Any CPU.ActiveCfg = Debug|Any CPU
		{F2BCCA3E-E412-434C-B516-476649EB39F0}.Debug|Any CPU.Build.0 = Debug|Any CPU
		{F2BCCA3E-E412-434C-B516-476649EB39F0}.Release|Any CPU.ActiveCfg = Release|Any CPU
		{F2BCCA3E-E412-434C-B516-476649EB39F0}.Release|Any CPU.Build.0 = Release|Any CPU
		{75A120FF-FB29-4166-B6C5-64D2462A4077}.Debug|Any CPU.ActiveCfg = Debug|Any CPU
		{75A120FF-FB29-4166-B6C5-64D2462A4077}.Debug|Any CPU.Build.0 = Debug|Any CPU
		{75A120FF-FB29-4166-B6C5-64D2462A4077}.Release|Any CPU.ActiveCfg = Release|Any CPU
		{75A120FF-FB29-4166-B6C5-64D2462A4077}.Release|Any CPU.Build.0 = Release|Any CPU
	EndGlobalSection
	GlobalSection(SolutionProperties) = preSolution
		HideSolutionNode = FALSE
	EndGlobalSection
	GlobalSection(ExtensibilityGlobals) = postSolution
		SolutionGuid = {8CEBC86C-8772-46BD-AE66-52CC57FE8694}
	EndGlobalSection
EndGlobal
